
Microsoft Visual Studio Solution File, Format Version 12.00
# Visual Studio Version 16
VisualStudioVersion = 16.0.29424.173
MinimumVisualStudioVersion = 10.0.40219.1
Project("{9A19103F-16F7-4668-BE54-9A1E7A4F7556}") = "Singleton", "设计模式\Singleton\Singleton.csproj", "{CCA74A57-32A1-403C-A064-9E74418C7B1F}"
EndProject
Project("{9A19103F-16F7-4668-BE54-9A1E7A4F7556}") = "FactoryMethod", "设计模式\FactoryMethod\FactoryMethod.csproj", "{B70C126F-651A-43DB-B879-2B4C42064C04}"
EndProject
Project("{9A19103F-16F7-4668-BE54-9A1E7A4F7556}") = "XmlDemo", "CommonDemo\XmlDemo\XmlDemo.csproj", "{229BA4DF-36F2-48CE-9547-5D174996FF51}"
EndProject
Project("{9A19103F-16F7-4668-BE54-9A1E7A4F7556}") = "AppTest", "CommonDemo\AppTest\AppTest.csproj", "{0976B2B1-BC84-4EA0-872F-6C1F6BC6C44D}"
EndProject
Project("{9A19103F-16F7-4668-BE54-9A1E7A4F7556}") = "ConsoleApp1", "CommonDemo\ConsoleApp1\ConsoleApp1.csproj", "{AEF468E6-39E1-430A-8B55-06461FBDFF80}"
EndProject
Project("{9A19103F-16F7-4668-BE54-9A1E7A4F7556}") = "FileDownloadDemo", "FileDownloadDemo\FileDownloadDemo.csproj", "{1D1B1FD0-74B8-4C81-A292-3CE36A054A9E}"
EndProject
Project("{2150E333-8FDC-42A3-9474-1A3956D46DE8}") = "MassTransit", "MassTransit", "{69DF225E-ED8D-4601-893A-4455CAE4CCCE}"
EndProject
Project("{9A19103F-16F7-4668-BE54-9A1E7A4F7556}") = "Consumer", "Consumer\Consumer.csproj", "{04341ABE-7C3D-4230-A77C-22447545194A}"
EndProject
Project("{9A19103F-16F7-4668-BE54-9A1E7A4F7556}") = "Sender", "Sender\Sender.csproj", "{C079712B-E94E-4AF7-BCA8-E0A04E7E3173}"
EndProject
Project("{2150E333-8FDC-42A3-9474-1A3956D46DE8}") = "WPF", "WPF", "{F010A869-98B8-432B-88BA-F687E10E2888}"
EndProject
Project("{9A19103F-16F7-4668-BE54-9A1E7A4F7556}") = "WinFormDemo", "WinFormDemo\WinFormDemo.csproj", "{FEE769A5-443B-46E1-9126-4F0146E42130}"
EndProject
Project("{9A19103F-16F7-4668-BE54-9A1E7A4F7556}") = "CheckSumTool", "CheckSumTool\CheckSumTool.csproj", "{5A5C91C2-BEB7-4CD5-844C-1832A0FFF1DE}"
EndProject
Project("{2150E333-8FDC-42A3-9474-1A3956D46DE8}") = "CsvHelper", "CsvHelper", "{8BA9A27A-AEFF-488F-9F49-EE3670B3630B}"
EndProject
Project("{FAE04EC0-301F-11D3-BF4B-00C04F79EFBC}") = "CsvHelperDemo", "CsvHelperDemo\CsvHelperDemo.csproj", "{F73E1FC9-04EB-40E0-A409-2FFC952EC0F0}"
EndProject
Global
	GlobalSection(SolutionConfigurationPlatforms) = preSolution
		Debug|Any CPU = Debug|Any CPU
		Release|Any CPU = Release|Any CPU
	EndGlobalSection
	GlobalSection(ProjectConfigurationPlatforms) = postSolution
		{CCA74A57-32A1-403C-A064-9E74418C7B1F}.Debug|Any CPU.ActiveCfg = Debug|Any CPU
		{CCA74A57-32A1-403C-A064-9E74418C7B1F}.Debug|Any CPU.Build.0 = Debug|Any CPU
		{CCA74A57-32A1-403C-A064-9E74418C7B1F}.Release|Any CPU.ActiveCfg = Release|Any CPU
		{CCA74A57-32A1-403C-A064-9E74418C7B1F}.Release|Any CPU.Build.0 = Release|Any CPU
		{B70C126F-651A-43DB-B879-2B4C42064C04}.Debug|Any CPU.ActiveCfg = Debug|Any CPU
		{B70C126F-651A-43DB-B879-2B4C42064C04}.Debug|Any CPU.Build.0 = Debug|Any CPU
		{B70C126F-651A-43DB-B879-2B4C42064C04}.Release|Any CPU.ActiveCfg = Release|Any CPU
		{B70C126F-651A-43DB-B879-2B4C42064C04}.Release|Any CPU.Build.0 = Release|Any CPU
		{229BA4DF-36F2-48CE-9547-5D174996FF51}.Debug|Any CPU.ActiveCfg = Debug|Any CPU
		{229BA4DF-36F2-48CE-9547-5D174996FF51}.Debug|Any CPU.Build.0 = Debug|Any CPU
		{229BA4DF-36F2-48CE-9547-5D174996FF51}.Release|Any CPU.ActiveCfg = Release|Any CPU
		{229BA4DF-36F2-48CE-9547-5D174996FF51}.Release|Any CPU.Build.0 = Release|Any CPU
		{0976B2B1-BC84-4EA0-872F-6C1F6BC6C44D}.Debug|Any CPU.ActiveCfg = Debug|Any CPU
		{0976B2B1-BC84-4EA0-872F-6C1F6BC6C44D}.Debug|Any CPU.Build.0 = Debug|Any CPU
		{0976B2B1-BC84-4EA0-872F-6C1F6BC6C44D}.Release|Any CPU.ActiveCfg = Release|Any CPU
		{0976B2B1-BC84-4EA0-872F-6C1F6BC6C44D}.Release|Any CPU.Build.0 = Release|Any CPU
		{AEF468E6-39E1-430A-8B55-06461FBDFF80}.Debug|Any CPU.ActiveCfg = Debug|Any CPU
		{AEF468E6-39E1-430A-8B55-06461FBDFF80}.Debug|Any CPU.Build.0 = Debug|Any CPU
		{AEF468E6-39E1-430A-8B55-06461FBDFF80}.Release|Any CPU.ActiveCfg = Release|Any CPU
		{AEF468E6-39E1-430A-8B55-06461FBDFF80}.Release|Any CPU.Build.0 = Release|Any CPU
		{1D1B1FD0-74B8-4C81-A292-3CE36A054A9E}.Debug|Any CPU.ActiveCfg = Debug|Any CPU
		{1D1B1FD0-74B8-4C81-A292-3CE36A054A9E}.Debug|Any CPU.Build.0 = Debug|Any CPU
		{1D1B1FD0-74B8-4C81-A292-3CE36A054A9E}.Release|Any CPU.ActiveCfg = Release|Any CPU
		{1D1B1FD0-74B8-4C81-A292-3CE36A054A9E}.Release|Any CPU.Build.0 = Release|Any CPU
		{04341ABE-7C3D-4230-A77C-22447545194A}.Debug|Any CPU.ActiveCfg = Debug|Any CPU
		{04341ABE-7C3D-4230-A77C-22447545194A}.Debug|Any CPU.Build.0 = Debug|Any CPU
		{04341ABE-7C3D-4230-A77C-22447545194A}.Release|Any CPU.ActiveCfg = Release|Any CPU
		{04341ABE-7C3D-4230-A77C-22447545194A}.Release|Any CPU.Build.0 = Release|Any CPU
		{C079712B-E94E-4AF7-BCA8-E0A04E7E3173}.Debug|Any CPU.ActiveCfg = Debug|Any CPU
		{C079712B-E94E-4AF7-BCA8-E0A04E7E3173}.Debug|Any CPU.Build.0 = Debug|Any CPU
		{C079712B-E94E-4AF7-BCA8-E0A04E7E3173}.Release|Any CPU.ActiveCfg = Release|Any CPU
		{C079712B-E94E-4AF7-BCA8-E0A04E7E3173}.Release|Any CPU.Build.0 = Release|Any CPU
		{FEE769A5-443B-46E1-9126-4F0146E42130}.Debug|Any CPU.ActiveCfg = Debug|Any CPU
		{FEE769A5-443B-46E1-9126-4F0146E42130}.Debug|Any CPU.Build.0 = Debug|Any CPU
		{FEE769A5-443B-46E1-9126-4F0146E42130}.Release|Any CPU.ActiveCfg = Release|Any CPU
		{FEE769A5-443B-46E1-9126-4F0146E42130}.Release|Any CPU.Build.0 = Release|Any CPU
		{5A5C91C2-BEB7-4CD5-844C-1832A0FFF1DE}.Debug|Any CPU.ActiveCfg = Debug|Any CPU
		{5A5C91C2-BEB7-4CD5-844C-1832A0FFF1DE}.Debug|Any CPU.Build.0 = Debug|Any CPU
		{5A5C91C2-BEB7-4CD5-844C-1832A0FFF1DE}.Release|Any CPU.ActiveCfg = Release|Any CPU
		{5A5C91C2-BEB7-4CD5-844C-1832A0FFF1DE}.Release|Any CPU.Build.0 = Release|Any CPU
		{F73E1FC9-04EB-40E0-A409-2FFC952EC0F0}.Debug|Any CPU.ActiveCfg = Debug|Any CPU
		{F73E1FC9-04EB-40E0-A409-2FFC952EC0F0}.Debug|Any CPU.Build.0 = Debug|Any CPU
		{F73E1FC9-04EB-40E0-A409-2FFC952EC0F0}.Release|Any CPU.ActiveCfg = Release|Any CPU
		{F73E1FC9-04EB-40E0-A409-2FFC952EC0F0}.Release|Any CPU.Build.0 = Release|Any CPU
	EndGlobalSection
	GlobalSection(SolutionProperties) = preSolution
		HideSolutionNode = FALSE
	EndGlobalSection
	GlobalSection(NestedProjects) = preSolution
		{04341ABE-7C3D-4230-A77C-22447545194A} = {69DF225E-ED8D-4601-893A-4455CAE4CCCE}
		{C079712B-E94E-4AF7-BCA8-E0A04E7E3173} = {69DF225E-ED8D-4601-893A-4455CAE4CCCE}
		{FEE769A5-443B-46E1-9126-4F0146E42130} = {F010A869-98B8-432B-88BA-F687E10E2888}
		{F73E1FC9-04EB-40E0-A409-2FFC952EC0F0} = {8BA9A27A-AEFF-488F-9F49-EE3670B3630B}
	EndGlobalSection
	GlobalSection(ExtensibilityGlobals) = postSolution
		SolutionGuid = {2D636DE5-78E6-4590-B02B-EF9993EA554C}
	EndGlobalSection
EndGlobal
